
Microsoft Visual Studio Solution File, Format Version 12.00
# Visual Studio Version 17
VisualStudioVersion = 17.7.34031.279
MinimumVisualStudioVersion = 10.0.40219.1
Project("{FAE04EC0-301F-11D3-BF4B-00C04F79EFBC}") = "Practica 02 (C#)", "Practica 02 (C#).csproj", "{DDB7860B-B6F3-4E7A-B900-7B8D11627731}"
EndProject
Global
	GlobalSection(SolutionConfigurationPlatforms) = preSolution
		Debug|Any CPU = Debug|Any CPU
		Release|Any CPU = Release|Any CPU
	EndGlobalSection
	GlobalSection(ProjectConfigurationPlatforms) = postSolution
		{DDB7860B-B6F3-4E7A-B900-7B8D11627731}.Debug|Any CPU.ActiveCfg = Debug|Any CPU
		{DDB7860B-B6F3-4E7A-B900-7B8D11627731}.Debug|Any CPU.Build.0 = Debug|Any CPU
		{DDB7860B-B6F3-4E7A-B900-7B8D11627731}.Release|Any CPU.ActiveCfg = Release|Any CPU
		{DDB7860B-B6F3-4E7A-B900-7B8D11627731}.Release|Any CPU.Build.0 = Release|Any CPU
	EndGlobalSection
	GlobalSection(SolutionProperties) = preSolution
		HideSolutionNode = FALSE
	EndGlobalSection
	GlobalSection(ExtensibilityGlobals) = postSolution
		SolutionGuid = {526C9D4B-3869-471F-84AD-7E19782E32E5}
	EndGlobalSection
EndGlobal
