
Microsoft Visual Studio Solution File, Format Version 12.00
# Visual Studio Version 17
VisualStudioVersion = 17.7.34031.279
MinimumVisualStudioVersion = 10.0.40219.1
Project("{8BC9CEB8-8B4A-11D0-8D11-00A0C91BC942}") = "Examen", "Examen.vcxproj", "{87318D05-70E9-465A-91B8-BACC49AFCDE1}"
EndProject
Global
	GlobalSection(SolutionConfigurationPlatforms) = preSolution
		Debug|x64 = Debug|x64
		Debug|x86 = Debug|x86
		Release|x64 = Release|x64
		Release|x86 = Release|x86
	EndGlobalSection
	GlobalSection(ProjectConfigurationPlatforms) = postSolution
		{87318D05-70E9-465A-91B8-BACC49AFCDE1}.Debug|x64.ActiveCfg = Debug|x64
		{87318D05-70E9-465A-91B8-BACC49AFCDE1}.Debug|x64.Build.0 = Debug|x64
		{87318D05-70E9-465A-91B8-BACC49AFCDE1}.Debug|x86.ActiveCfg = Debug|Win32
		{87318D05-70E9-465A-91B8-BACC49AFCDE1}.Debug|x86.Build.0 = Debug|Win32
		{87318D05-70E9-465A-91B8-BACC49AFCDE1}.Release|x64.ActiveCfg = Release|x64
		{87318D05-70E9-465A-91B8-BACC49AFCDE1}.Release|x64.Build.0 = Release|x64
		{87318D05-70E9-465A-91B8-BACC49AFCDE1}.Release|x86.ActiveCfg = Release|Win32
		{87318D05-70E9-465A-91B8-BACC49AFCDE1}.Release|x86.Build.0 = Release|Win32
	EndGlobalSection
	GlobalSection(SolutionProperties) = preSolution
		HideSolutionNode = FALSE
	EndGlobalSection
	GlobalSection(ExtensibilityGlobals) = postSolution
		SolutionGuid = {1538F2D1-96DA-4299-A925-AAF70B9AA52C}
	EndGlobalSection
EndGlobal
