
Microsoft Visual Studio Solution File, Format Version 12.00
# Visual Studio Version 17
VisualStudioVersion = 17.7.34031.279
MinimumVisualStudioVersion = 10.0.40219.1
Project("{FAE04EC0-301F-11D3-BF4B-00C04F79EFBC}") = "Practica 04 (C#)", "Practica 04 (C#).csproj", "{BDCE7207-944E-4EDE-87D6-013170E4B686}"
EndProject
Global
	GlobalSection(SolutionConfigurationPlatforms) = preSolution
		Debug|Any CPU = Debug|Any CPU
		Release|Any CPU = Release|Any CPU
	EndGlobalSection
	GlobalSection(ProjectConfigurationPlatforms) = postSolution
		{BDCE7207-944E-4EDE-87D6-013170E4B686}.Debug|Any CPU.ActiveCfg = Debug|Any CPU
		{BDCE7207-944E-4EDE-87D6-013170E4B686}.Debug|Any CPU.Build.0 = Debug|Any CPU
		{BDCE7207-944E-4EDE-87D6-013170E4B686}.Release|Any CPU.ActiveCfg = Release|Any CPU
		{BDCE7207-944E-4EDE-87D6-013170E4B686}.Release|Any CPU.Build.0 = Release|Any CPU
	EndGlobalSection
	GlobalSection(SolutionProperties) = preSolution
		HideSolutionNode = FALSE
	EndGlobalSection
	GlobalSection(ExtensibilityGlobals) = postSolution
		SolutionGuid = {68298F3D-AC05-465D-8DD1-76001019E9F6}
	EndGlobalSection
EndGlobal
