
Microsoft Visual Studio Solution File, Format Version 12.00
# Visual Studio Version 17
VisualStudioVersion = 17.7.34031.279
MinimumVisualStudioVersion = 10.0.40219.1
Project("{FAE04EC0-301F-11D3-BF4B-00C04F79EFBC}") = "Practica 07 (C#)", "Practica 07 (C#).csproj", "{5E81F8A2-E4B1-4CDB-BD27-7A39A8B6B2B4}"
EndProject
Global
	GlobalSection(SolutionConfigurationPlatforms) = preSolution
		Debug|Any CPU = Debug|Any CPU
		Release|Any CPU = Release|Any CPU
	EndGlobalSection
	GlobalSection(ProjectConfigurationPlatforms) = postSolution
		{5E81F8A2-E4B1-4CDB-BD27-7A39A8B6B2B4}.Debug|Any CPU.ActiveCfg = Debug|Any CPU
		{5E81F8A2-E4B1-4CDB-BD27-7A39A8B6B2B4}.Debug|Any CPU.Build.0 = Debug|Any CPU
		{5E81F8A2-E4B1-4CDB-BD27-7A39A8B6B2B4}.Release|Any CPU.ActiveCfg = Release|Any CPU
		{5E81F8A2-E4B1-4CDB-BD27-7A39A8B6B2B4}.Release|Any CPU.Build.0 = Release|Any CPU
	EndGlobalSection
	GlobalSection(SolutionProperties) = preSolution
		HideSolutionNode = FALSE
	EndGlobalSection
	GlobalSection(ExtensibilityGlobals) = postSolution
		SolutionGuid = {09B185C9-0341-44DB-82BD-700E2ACD7E57}
	EndGlobalSection
EndGlobal
