
Microsoft Visual Studio Solution File, Format Version 12.00
# Visual Studio Version 17
VisualStudioVersion = 17.7.34031.279
MinimumVisualStudioVersion = 10.0.40219.1
Project("{888888A0-9F3D-457C-B088-3A5042F75D52}") = "Practica 03 (Phyton)", "Practica 03 (Phyton).pyproj", "{0830E404-8D5C-4C2D-9BB5-6CF4716908F1}"
EndProject
Global
	GlobalSection(SolutionConfigurationPlatforms) = preSolution
		Debug|Any CPU = Debug|Any CPU
		Release|Any CPU = Release|Any CPU
	EndGlobalSection
	GlobalSection(ProjectConfigurationPlatforms) = postSolution
		{0830E404-8D5C-4C2D-9BB5-6CF4716908F1}.Debug|Any CPU.ActiveCfg = Debug|Any CPU
		{0830E404-8D5C-4C2D-9BB5-6CF4716908F1}.Release|Any CPU.ActiveCfg = Release|Any CPU
	EndGlobalSection
	GlobalSection(SolutionProperties) = preSolution
		HideSolutionNode = FALSE
	EndGlobalSection
	GlobalSection(ExtensibilityGlobals) = postSolution
		SolutionGuid = {F5F8C615-DF6F-40BD-A24D-D04E8A3F7D01}
	EndGlobalSection
EndGlobal
